
Microsoft Visual Studio Solution File, Format Version 12.00
# Visual Studio 15
VisualStudioVersion = 15.0.27703.2000
MinimumVisualStudioVersion = 10.0.40219.1
Project("{FAE04EC0-301F-11D3-BF4B-00C04F79EFBC}") = "full inventory", "full inventory\full inventory.csproj", "{65656C74-7A7A-45E3-BD59-7B580AA498AD}"
EndProject
Global
	GlobalSection(SolutionConfigurationPlatforms) = preSolution
		Debug|Any CPU = Debug|Any CPU
		Release|Any CPU = Release|Any CPU
	EndGlobalSection
	GlobalSection(ProjectConfigurationPlatforms) = postSolution
		{65656C74-7A7A-45E3-BD59-7B580AA498AD}.Debug|Any CPU.ActiveCfg = Debug|Any CPU
		{65656C74-7A7A-45E3-BD59-7B580AA498AD}.Debug|Any CPU.Build.0 = Debug|Any CPU
		{65656C74-7A7A-45E3-BD59-7B580AA498AD}.Release|Any CPU.ActiveCfg = Release|Any CPU
		{65656C74-7A7A-45E3-BD59-7B580AA498AD}.Release|Any CPU.Build.0 = Release|Any CPU
	EndGlobalSection
	GlobalSection(SolutionProperties) = preSolution
		HideSolutionNode = FALSE
	EndGlobalSection
	GlobalSection(ExtensibilityGlobals) = postSolution
		SolutionGuid = {73BE2EA2-2A37-4FBE-A7FF-B15BA63B444D}
	EndGlobalSection
EndGlobal
